
Microsoft Visual Studio Solution File, Format Version 12.00
# Visual Studio Version 16
VisualStudioVersion = 16.0.31702.278
MinimumVisualStudioVersion = 10.0.40219.1
Project("{FAE04EC0-301F-11D3-BF4B-00C04F79EFBC}") = "MatchGame", "MatchGame\MatchGame.csproj", "{FDBAFB9E-CF15-4F7C-B49E-AAD4EC894D80}"
EndProject
Global
	GlobalSection(SolutionConfigurationPlatforms) = preSolution
		Debug|Any CPU = Debug|Any CPU
		Release|Any CPU = Release|Any CPU
	EndGlobalSection
	GlobalSection(ProjectConfigurationPlatforms) = postSolution
		{FDBAFB9E-CF15-4F7C-B49E-AAD4EC894D80}.Debug|Any CPU.ActiveCfg = Debug|Any CPU
		{FDBAFB9E-CF15-4F7C-B49E-AAD4EC894D80}.Debug|Any CPU.Build.0 = Debug|Any CPU
		{FDBAFB9E-CF15-4F7C-B49E-AAD4EC894D80}.Release|Any CPU.ActiveCfg = Release|Any CPU
		{FDBAFB9E-CF15-4F7C-B49E-AAD4EC894D80}.Release|Any CPU.Build.0 = Release|Any CPU
	EndGlobalSection
	GlobalSection(SolutionProperties) = preSolution
		HideSolutionNode = FALSE
	EndGlobalSection
	GlobalSection(ExtensibilityGlobals) = postSolution
		SolutionGuid = {F3417C8C-0691-4540-852D-FF0B02F6DFA8}
	EndGlobalSection
EndGlobal
